
Microsoft Visual Studio Solution File, Format Version 11.00
# Visual Studio 2010
Project("{FAE04EC0-301F-11D3-BF4B-00C04F79EFBC}") = "CodeFirstAltairis", "CodeFirstAltairis\CodeFirstAltairis.csproj", "{40B9C50C-3D6C-4B1E-B8F1-77002FA7EA3F}"
EndProject
Project("{FAE04EC0-301F-11D3-BF4B-00C04F79EFBC}") = "CodeFirstAltairis.Tests", "CodeFirstAltairis.Tests\CodeFirstAltairis.Tests.csproj", "{611BEFF0-196D-47AF-BB08-852F5C1AE6F1}"
EndProject
Project("{FAE04EC0-301F-11D3-BF4B-00C04F79EFBC}") = "CodeFirstSpecs", "CodeFirstSpecs\CodeFirstSpecs.csproj", "{F31BE842-788C-41DC-B5D7-A93441ECD313}"
EndProject
Project("{2150E333-8FDC-42A3-9474-1A3956D46DE8}") = "Solution Items", "Solution Items", "{7F52AB96-2FF4-4ECA-B558-9AC87885775C}"
	ProjectSection(SolutionItems) = preProject
		CodeFirstAltairis.vsmdi = CodeFirstAltairis.vsmdi
		Local.testsettings = Local.testsettings
		TraceAndTestImpact.testsettings = TraceAndTestImpact.testsettings
	EndProjectSection
EndProject
Global
	GlobalSection(TestCaseManagementSettings) = postSolution
		CategoryFile = CodeFirstAltairis.vsmdi
	EndGlobalSection
	GlobalSection(SolutionConfigurationPlatforms) = preSolution
		Debug|Any CPU = Debug|Any CPU
		Release|Any CPU = Release|Any CPU
	EndGlobalSection
	GlobalSection(ProjectConfigurationPlatforms) = postSolution
		{40B9C50C-3D6C-4B1E-B8F1-77002FA7EA3F}.Debug|Any CPU.ActiveCfg = Debug|Any CPU
		{40B9C50C-3D6C-4B1E-B8F1-77002FA7EA3F}.Debug|Any CPU.Build.0 = Debug|Any CPU
		{40B9C50C-3D6C-4B1E-B8F1-77002FA7EA3F}.Release|Any CPU.ActiveCfg = Release|Any CPU
		{40B9C50C-3D6C-4B1E-B8F1-77002FA7EA3F}.Release|Any CPU.Build.0 = Release|Any CPU
		{611BEFF0-196D-47AF-BB08-852F5C1AE6F1}.Debug|Any CPU.ActiveCfg = Debug|Any CPU
		{611BEFF0-196D-47AF-BB08-852F5C1AE6F1}.Debug|Any CPU.Build.0 = Debug|Any CPU
		{611BEFF0-196D-47AF-BB08-852F5C1AE6F1}.Release|Any CPU.ActiveCfg = Release|Any CPU
		{611BEFF0-196D-47AF-BB08-852F5C1AE6F1}.Release|Any CPU.Build.0 = Release|Any CPU
		{F31BE842-788C-41DC-B5D7-A93441ECD313}.Debug|Any CPU.ActiveCfg = Debug|Any CPU
		{F31BE842-788C-41DC-B5D7-A93441ECD313}.Debug|Any CPU.Build.0 = Debug|Any CPU
		{F31BE842-788C-41DC-B5D7-A93441ECD313}.Release|Any CPU.ActiveCfg = Release|Any CPU
		{F31BE842-788C-41DC-B5D7-A93441ECD313}.Release|Any CPU.Build.0 = Release|Any CPU
	EndGlobalSection
	GlobalSection(SolutionProperties) = preSolution
		HideSolutionNode = FALSE
	EndGlobalSection
EndGlobal
